
Microsoft Visual Studio Solution File, Format Version 12.00
# Visual Studio 14
VisualStudioVersion = 14.0.23107.0
MinimumVisualStudioVersion = 10.0.40219.1
Project("{FAE04EC0-301F-11D3-BF4B-00C04F79EFBC}") = "Minesweeper.Logic.Tests", "..\tests\Minesweeper.Logic.Tests\Minesweeper.Logic.Tests.csproj", "{AFE1F7DD-2571-43FE-9F46-EED9C290EF7A}"
EndProject
Project("{FAE04EC0-301F-11D3-BF4B-00C04F79EFBC}") = "Minesweeper.CLI", "Minesweeper.CLI\Minesweeper.CLI.csproj", "{2B23ACDB-7CF2-4EAC-BB80-B6DD3B90BCA4}"
EndProject
Project("{FAE04EC0-301F-11D3-BF4B-00C04F79EFBC}") = "Minesweeper.CLI.Tests", "..\tests\Minesweeper.CLI.Tests\Minesweeper.CLI.Tests.csproj", "{80B18E2A-E99A-4025-A64E-938D89FC5DE3}"
EndProject
Project("{FAE04EC0-301F-11D3-BF4B-00C04F79EFBC}") = "Minesweeper.Logic", "Minesweeper.Logic\Minesweeper.Logic.csproj", "{B305BB3D-D1E1-4F15-9740-3D347AD23031}"
EndProject
Global
	GlobalSection(SolutionConfigurationPlatforms) = preSolution
		Debug|Any CPU = Debug|Any CPU
		Release|Any CPU = Release|Any CPU
	EndGlobalSection
	GlobalSection(ProjectConfigurationPlatforms) = postSolution
		{AFE1F7DD-2571-43FE-9F46-EED9C290EF7A}.Debug|Any CPU.ActiveCfg = Debug|Any CPU
		{AFE1F7DD-2571-43FE-9F46-EED9C290EF7A}.Debug|Any CPU.Build.0 = Debug|Any CPU
		{AFE1F7DD-2571-43FE-9F46-EED9C290EF7A}.Release|Any CPU.ActiveCfg = Release|Any CPU
		{AFE1F7DD-2571-43FE-9F46-EED9C290EF7A}.Release|Any CPU.Build.0 = Release|Any CPU
		{2B23ACDB-7CF2-4EAC-BB80-B6DD3B90BCA4}.Debug|Any CPU.ActiveCfg = Debug|Any CPU
		{2B23ACDB-7CF2-4EAC-BB80-B6DD3B90BCA4}.Debug|Any CPU.Build.0 = Debug|Any CPU
		{2B23ACDB-7CF2-4EAC-BB80-B6DD3B90BCA4}.Release|Any CPU.ActiveCfg = Release|Any CPU
		{2B23ACDB-7CF2-4EAC-BB80-B6DD3B90BCA4}.Release|Any CPU.Build.0 = Release|Any CPU
		{80B18E2A-E99A-4025-A64E-938D89FC5DE3}.Debug|Any CPU.ActiveCfg = Debug|Any CPU
		{80B18E2A-E99A-4025-A64E-938D89FC5DE3}.Debug|Any CPU.Build.0 = Debug|Any CPU
		{80B18E2A-E99A-4025-A64E-938D89FC5DE3}.Release|Any CPU.ActiveCfg = Release|Any CPU
		{80B18E2A-E99A-4025-A64E-938D89FC5DE3}.Release|Any CPU.Build.0 = Release|Any CPU
		{B305BB3D-D1E1-4F15-9740-3D347AD23031}.Debug|Any CPU.ActiveCfg = Debug|Any CPU
		{B305BB3D-D1E1-4F15-9740-3D347AD23031}.Debug|Any CPU.Build.0 = Debug|Any CPU
		{B305BB3D-D1E1-4F15-9740-3D347AD23031}.Release|Any CPU.ActiveCfg = Release|Any CPU
		{B305BB3D-D1E1-4F15-9740-3D347AD23031}.Release|Any CPU.Build.0 = Release|Any CPU
	EndGlobalSection
	GlobalSection(SolutionProperties) = preSolution
		HideSolutionNode = FALSE
	EndGlobalSection
EndGlobal
